{
  "name": "employee_payroll",
  "lockfileVersion": 2,
  "requires": true,
  "packages": {
    "": {
      "dependencies": {
        "mtr-datepicker": "^0.3.11"
      }
    },
    "node_modules/mtr-datepicker": {
      "version": "0.3.11",
      "resolved": "https://registry.npmjs.org/mtr-datepicker/-/mtr-datepicker-0.3.11.tgz",
      "integrity": "sha512-xtbGuYFq5k8LWDMgisZ33tEtsPXMhx/QZ16WTH0g4zu9ZzuAViTDxamkx154p21mMcqyXTDM7Xc1/Mt0o6bXJA=="
    }
  },
  "dependencies": {
    "mtr-datepicker": {
      "version": "0.3.11",
      "resolved": "https://registry.npmjs.org/mtr-datepicker/-/mtr-datepicker-0.3.11.tgz",
      "integrity": "sha512-xtbGuYFq5k8LWDMgisZ33tEtsPXMhx/QZ16WTH0g4zu9ZzuAViTDxamkx154p21mMcqyXTDM7Xc1/Mt0o6bXJA=="
    }
  }
}
